// !$*UTF8*$!
{
	archiveVersion = 1;
	classes = {
	};
	objectVersion = 56;
	objects = {

/* Begin PBXBuildFile section */
		A22881E429FB5DD2007F48B9 /* WriteViewController.swift in Sources */ = {isa = PBXBuildFile; fileRef = A22881E329FB5DD2007F48B9 /* WriteViewController.swift */; };
		A22881EA29FCC824007F48B9 /* GPTResponse.swift in Sources */ = {isa = PBXBuildFile; fileRef = A22881E929FCC824007F48B9 /* GPTResponse.swift */; };
		A27AC8B829EC31450011E378 /* SignUpViewController.swift in Sources */ = {isa = PBXBuildFile; fileRef = A27AC8B729EC31450011E378 /* SignUpViewController.swift */; };
		A2C1DA2D2A37D8D500A24C93 /* SettingsViewController.swift in Sources */ = {isa = PBXBuildFile; fileRef = A2C1DA2C2A37D8D500A24C93 /* SettingsViewController.swift */; };
		AF202F0929E889E600D18F2C /* AppDelegate.swift in Sources */ = {isa = PBXBuildFile; fileRef = AF202F0829E889E600D18F2C /* AppDelegate.swift */; };
		AF202F0B29E889E600D18F2C /* SceneDelegate.swift in Sources */ = {isa = PBXBuildFile; fileRef = AF202F0A29E889E600D18F2C /* SceneDelegate.swift */; };
		AF202F0D29E889E600D18F2C /* ReadViewController.swift in Sources */ = {isa = PBXBuildFile; fileRef = AF202F0C29E889E600D18F2C /* ReadViewController.swift */; };
		AF202F1029E889E600D18F2C /* Main.storyboard in Resources */ = {isa = PBXBuildFile; fileRef = AF202F0E29E889E600D18F2C /* Main.storyboard */; };
		AF202F1229E889E800D18F2C /* Assets.xcassets in Resources */ = {isa = PBXBuildFile; fileRef = AF202F1129E889E800D18F2C /* Assets.xcassets */; };
		AF202F1529E889E800D18F2C /* LaunchScreen.storyboard in Resources */ = {isa = PBXBuildFile; fileRef = AF202F1329E889E800D18F2C /* LaunchScreen.storyboard */; };
		AF202F1E29E88A1700D18F2C /* Alamofire in Frameworks */ = {isa = PBXBuildFile; productRef = AF202F1D29E88A1700D18F2C /* Alamofire */; };
		AF202F2129E88A2E00D18F2C /* ParseSwift in Frameworks */ = {isa = PBXBuildFile; productRef = AF202F2029E88A2E00D18F2C /* ParseSwift */; };
		AF202F2429E88A4A00D18F2C /* AlamofireImage in Frameworks */ = {isa = PBXBuildFile; productRef = AF202F2329E88A4A00D18F2C /* AlamofireImage */; };
		AF2D10512A81A39500160E5D /* TabBarController.swift in Sources */ = {isa = PBXBuildFile; fileRef = AF2D10502A81A39500160E5D /* TabBarController.swift */; };
		AFA3139729FA22B4003719FE /* PostCell.swift in Sources */ = {isa = PBXBuildFile; fileRef = AFA3139629FA22B4003719FE /* PostCell.swift */; };
		AFA3139929FA2A5B003719FE /* Post.swift in Sources */ = {isa = PBXBuildFile; fileRef = AFA3139829FA2A5B003719FE /* Post.swift */; };
		AFAD94482A007BF900510528 /* DetailViewController.swift in Sources */ = {isa = PBXBuildFile; fileRef = AFAD94472A007BF900510528 /* DetailViewController.swift */; };
		BA1BA4F129EA503A00E13CDC /* LoginViewController.swift in Sources */ = {isa = PBXBuildFile; fileRef = BA1BA4F029EA503A00E13CDC /* LoginViewController.swift */; };
		BA1BA4F429EA534100E13CDC /* User.swift in Sources */ = {isa = PBXBuildFile; fileRef = BA1BA4F329EA534100E13CDC /* User.swift */; };
		BA1BA4F729EA571700E13CDC /* ViewController+Extensions.swift in Sources */ = {isa = PBXBuildFile; fileRef = BA1BA4F629EA571700E13CDC /* ViewController+Extensions.swift */; };
		BA1BA4F929EA57F200E13CDC /* DateFormatter+Extensions.swift in Sources */ = {isa = PBXBuildFile; fileRef = BA1BA4F829EA57F200E13CDC /* DateFormatter+Extensions.swift */; };
/* End PBXBuildFile section */

/* Begin PBXFileReference section */
		A22881E329FB5DD2007F48B9 /* WriteViewController.swift */ = {isa = PBXFileReference; lastKnownFileType = sourcecode.swift; path = WriteViewController.swift; sourceTree = "<group>"; };
		A22881E929FCC824007F48B9 /* GPTResponse.swift */ = {isa = PBXFileReference; lastKnownFileType = sourcecode.swift; path = GPTResponse.swift; sourceTree = "<group>"; };
		A27AC8B729EC31450011E378 /* SignUpViewController.swift */ = {isa = PBXFileReference; lastKnownFileType = sourcecode.swift; path = SignUpViewController.swift; sourceTree = "<group>"; };
		A2C1DA2C2A37D8D500A24C93 /* SettingsViewController.swift */ = {isa = PBXFileReference; lastKnownFileType = sourcecode.swift; path = SettingsViewController.swift; sourceTree = "<group>"; };
		AF202F0529E889E600D18F2C /* BlogSmart.app */ = {isa = PBXFileReference; explicitFileType = wrapper.application; includeInIndex = 0; path = BlogSmart.app; sourceTree = BUILT_PRODUCTS_DIR; };
		AF202F0829E889E600D18F2C /* AppDelegate.swift */ = {isa = PBXFileReference; lastKnownFileType = sourcecode.swift; path = AppDelegate.swift; sourceTree = "<group>"; };
		AF202F0A29E889E600D18F2C /* SceneDelegate.swift */ = {isa = PBXFileReference; lastKnownFileType = sourcecode.swift; path = SceneDelegate.swift; sourceTree = "<group>"; };
		AF202F0C29E889E600D18F2C /* ReadViewController.swift */ = {isa = PBXFileReference; lastKnownFileType = sourcecode.swift; path = ReadViewController.swift; sourceTree = "<group>"; };
		AF202F0F29E889E600D18F2C /* Base */ = {isa = PBXFileReference; lastKnownFileType = file.storyboard; name = Base; path = Base.lproj/Main.storyboard; sourceTree = "<group>"; };
		AF202F1129E889E800D18F2C /* Assets.xcassets */ = {isa = PBXFileReference; lastKnownFileType = folder.assetcatalog; path = Assets.xcassets; sourceTree = "<group>"; };
		AF202F1429E889E800D18F2C /* Base */ = {isa = PBXFileReference; lastKnownFileType = file.storyboard; name = Base; path = Base.lproj/LaunchScreen.storyboard; sourceTree = "<group>"; };
		AF202F1629E889E800D18F2C /* Info.plist */ = {isa = PBXFileReference; lastKnownFileType = text.plist.xml; path = Info.plist; sourceTree = "<group>"; };
		AF2D10502A81A39500160E5D /* TabBarController.swift */ = {isa = PBXFileReference; lastKnownFileType = sourcecode.swift; path = TabBarController.swift; sourceTree = "<group>"; };
		AFA3139629FA22B4003719FE /* PostCell.swift */ = {isa = PBXFileReference; lastKnownFileType = sourcecode.swift; path = PostCell.swift; sourceTree = "<group>"; };
		AFA3139829FA2A5B003719FE /* Post.swift */ = {isa = PBXFileReference; lastKnownFileType = sourcecode.swift; path = Post.swift; sourceTree = "<group>"; };
		AFAD94472A007BF900510528 /* DetailViewController.swift */ = {isa = PBXFileReference; lastKnownFileType = sourcecode.swift; path = DetailViewController.swift; sourceTree = "<group>"; };
		BA1BA4F029EA503A00E13CDC /* LoginViewController.swift */ = {isa = PBXFileReference; lastKnownFileType = sourcecode.swift; path = LoginViewController.swift; sourceTree = "<group>"; };
		BA1BA4F329EA534100E13CDC /* User.swift */ = {isa = PBXFileReference; lastKnownFileType = sourcecode.swift; path = User.swift; sourceTree = "<group>"; };
		BA1BA4F629EA571700E13CDC /* ViewController+Extensions.swift */ = {isa = PBXFileReference; lastKnownFileType = sourcecode.swift; path = "ViewController+Extensions.swift"; sourceTree = "<group>"; };
		BA1BA4F829EA57F200E13CDC /* DateFormatter+Extensions.swift */ = {isa = PBXFileReference; lastKnownFileType = sourcecode.swift; path = "DateFormatter+Extensions.swift"; sourceTree = "<group>"; };
/* End PBXFileReference section */

/* Begin PBXFrameworksBuildPhase section */
		AF202F0229E889E600D18F2C /* Frameworks */ = {
			isa = PBXFrameworksBuildPhase;
			buildActionMask = 2147483647;
			files = (
				AF202F2129E88A2E00D18F2C /* ParseSwift in Frameworks */,
				AF202F1E29E88A1700D18F2C /* Alamofire in Frameworks */,
				AF202F2429E88A4A00D18F2C /* AlamofireImage in Frameworks */,
			);
			runOnlyForDeploymentPostprocessing = 0;
		};
/* End PBXFrameworksBuildPhase section */

/* Begin PBXGroup section */
		A22881E229FB5DBF007F48B9 /* Write */ = {
			isa = PBXGroup;
			children = (
				A22881E329FB5DD2007F48B9 /* WriteViewController.swift */,
			);
			path = Write;
			sourceTree = "<group>";
		};
		A2C1DA2B2A37D8BE00A24C93 /* Settings */ = {
			isa = PBXGroup;
			children = (
				A2C1DA2C2A37D8D500A24C93 /* SettingsViewController.swift */,
			);
			path = Settings;
			sourceTree = "<group>";
		};
		AF202EFC29E889E600D18F2C = {
			isa = PBXGroup;
			children = (
				AF202F0729E889E600D18F2C /* BlogSmart */,
				AF202F0629E889E600D18F2C /* Products */,
			);
			sourceTree = "<group>";
		};
		AF202F0629E889E600D18F2C /* Products */ = {
			isa = PBXGroup;
			children = (
				AF202F0529E889E600D18F2C /* BlogSmart.app */,
			);
			name = Products;
			sourceTree = "<group>";
		};
		AF202F0729E889E600D18F2C /* BlogSmart */ = {
			isa = PBXGroup;
			children = (
				A2C1DA2B2A37D8BE00A24C93 /* Settings */,
				AFAD94462A007BD500510528 /* Detail */,
				A22881E229FB5DBF007F48B9 /* Write */,
				AFA3139529FA2231003719FE /* Feed */,
				AFA3139329FA1F42003719FE /* Login */,
				BA1BA4F529EA56F800E13CDC /* Extensions */,
				BA1BA4F229EA532A00E13CDC /* Models */,
				AF202F0829E889E600D18F2C /* AppDelegate.swift */,
				AF202F0A29E889E600D18F2C /* SceneDelegate.swift */,
				AF2D10502A81A39500160E5D /* TabBarController.swift */,
				AF202F0E29E889E600D18F2C /* Main.storyboard */,
				AF202F1129E889E800D18F2C /* Assets.xcassets */,
				AF202F1329E889E800D18F2C /* LaunchScreen.storyboard */,
				AF202F1629E889E800D18F2C /* Info.plist */,
			);
			path = BlogSmart;
			sourceTree = "<group>";
		};
		AFA3139329FA1F42003719FE /* Login */ = {
			isa = PBXGroup;
			children = (
				BA1BA4F029EA503A00E13CDC /* LoginViewController.swift */,
				A27AC8B729EC31450011E378 /* SignUpViewController.swift */,
			);
			path = Login;
			sourceTree = "<group>";
		};
		AFA3139529FA2231003719FE /* Feed */ = {
			isa = PBXGroup;
			children = (
				AF202F0C29E889E600D18F2C /* ReadViewController.swift */,
				AFA3139629FA22B4003719FE /* PostCell.swift */,
			);
			path = Feed;
			sourceTree = "<group>";
		};
		AFAD94462A007BD500510528 /* Detail */ = {
			isa = PBXGroup;
			children = (
				AFAD94472A007BF900510528 /* DetailViewController.swift */,
			);
			path = Detail;
			sourceTree = "<group>";
		};
		BA1BA4F229EA532A00E13CDC /* Models */ = {
			isa = PBXGroup;
			children = (
				BA1BA4F329EA534100E13CDC /* User.swift */,
				AFA3139829FA2A5B003719FE /* Post.swift */,
				A22881E929FCC824007F48B9 /* GPTResponse.swift */,
			);
			path = Models;
			sourceTree = "<group>";
		};
		BA1BA4F529EA56F800E13CDC /* Extensions */ = {
			isa = PBXGroup;
			children = (
				BA1BA4F629EA571700E13CDC /* ViewController+Extensions.swift */,
				BA1BA4F829EA57F200E13CDC /* DateFormatter+Extensions.swift */,
			);
			path = Extensions;
			sourceTree = "<group>";
		};
/* End PBXGroup section */

/* Begin PBXNativeTarget section */
		AF202F0429E889E600D18F2C /* BlogSmart */ = {
			isa = PBXNativeTarget;
			buildConfigurationList = AF202F1929E889E800D18F2C /* Build configuration list for PBXNativeTarget "BlogSmart" */;
			buildPhases = (
				AF202F0129E889E600D18F2C /* Sources */,
				AF202F0229E889E600D18F2C /* Frameworks */,
				AF202F0329E889E600D18F2C /* Resources */,
			);
			buildRules = (
			);
			dependencies = (
			);
			name = BlogSmart;
			packageProductDependencies = (
				AF202F1D29E88A1700D18F2C /* Alamofire */,
				AF202F2029E88A2E00D18F2C /* ParseSwift */,
				AF202F2329E88A4A00D18F2C /* AlamofireImage */,
			);
			productName = BlogSmart;
			productReference = AF202F0529E889E600D18F2C /* BlogSmart.app */;
			productType = "com.apple.product-type.application";
		};
/* End PBXNativeTarget section */

/* Begin PBXProject section */
		AF202EFD29E889E600D18F2C /* Project object */ = {
			isa = PBXProject;
			attributes = {
				BuildIndependentTargetsInParallel = 1;
				LastSwiftUpdateCheck = 1430;
				LastUpgradeCheck = 1430;
				TargetAttributes = {
					AF202F0429E889E600D18F2C = {
						CreatedOnToolsVersion = 14.3;
					};
				};
			};
			buildConfigurationList = AF202F0029E889E600D18F2C /* Build configuration list for PBXProject "BlogSmart" */;
			compatibilityVersion = "Xcode 14.0";
			developmentRegion = en;
			hasScannedForEncodings = 0;
			knownRegions = (
				en,
				Base,
			);
			mainGroup = AF202EFC29E889E600D18F2C;
			packageReferences = (
				AF202F1C29E88A1700D18F2C /* XCRemoteSwiftPackageReference "Alamofire" */,
				AF202F1F29E88A2E00D18F2C /* XCRemoteSwiftPackageReference "Parse-Swift" */,
				AF202F2229E88A4A00D18F2C /* XCRemoteSwiftPackageReference "AlamofireImage" */,
			);
			productRefGroup = AF202F0629E889E600D18F2C /* Products */;
			projectDirPath = "";
			projectRoot = "";
			targets = (
				AF202F0429E889E600D18F2C /* BlogSmart */,
			);
		};
/* End PBXProject section */

/* Begin PBXResourcesBuildPhase section */
		AF202F0329E889E600D18F2C /* Resources */ = {
			isa = PBXResourcesBuildPhase;
			buildActionMask = 2147483647;
			files = (
				AF202F1529E889E800D18F2C /* LaunchScreen.storyboard in Resources */,
				AF202F1229E889E800D18F2C /* Assets.xcassets in Resources */,
				AF202F1029E889E600D18F2C /* Main.storyboard in Resources */,
			);
			runOnlyForDeploymentPostprocessing = 0;
		};
/* End PBXResourcesBuildPhase section */

/* Begin PBXSourcesBuildPhase section */
		AF202F0129E889E600D18F2C /* Sources */ = {
			isa = PBXSourcesBuildPhase;
			buildActionMask = 2147483647;
			files = (
				AFAD94482A007BF900510528 /* DetailViewController.swift in Sources */,
				BA1BA4F129EA503A00E13CDC /* LoginViewController.swift in Sources */,
				A22881E429FB5DD2007F48B9 /* WriteViewController.swift in Sources */,
				AF2D10512A81A39500160E5D /* TabBarController.swift in Sources */,
				A22881EA29FCC824007F48B9 /* GPTResponse.swift in Sources */,
				AF202F0D29E889E600D18F2C /* ReadViewController.swift in Sources */,
				A27AC8B829EC31450011E378 /* SignUpViewController.swift in Sources */,
				BA1BA4F929EA57F200E13CDC /* DateFormatter+Extensions.swift in Sources */,
				AF202F0929E889E600D18F2C /* AppDelegate.swift in Sources */,
				AFA3139729FA22B4003719FE /* PostCell.swift in Sources */,
				A2C1DA2D2A37D8D500A24C93 /* SettingsViewController.swift in Sources */,
				BA1BA4F429EA534100E13CDC /* User.swift in Sources */,
				BA1BA4F729EA571700E13CDC /* ViewController+Extensions.swift in Sources */,
				AF202F0B29E889E600D18F2C /* SceneDelegate.swift in Sources */,
				AFA3139929FA2A5B003719FE /* Post.swift in Sources */,
			);
			runOnlyForDeploymentPostprocessing = 0;
		};
/* End PBXSourcesBuildPhase section */

/* Begin PBXVariantGroup section */
		AF202F0E29E889E600D18F2C /* Main.storyboard */ = {
			isa = PBXVariantGroup;
			children = (
				AF202F0F29E889E600D18F2C /* Base */,
			);
			name = Main.storyboard;
			sourceTree = "<group>";
		};
		AF202F1329E889E800D18F2C /* LaunchScreen.storyboard */ = {
			isa = PBXVariantGroup;
			children = (
				AF202F1429E889E800D18F2C /* Base */,
			);
			name = LaunchScreen.storyboard;
			sourceTree = "<group>";
		};
/* End PBXVariantGroup section */

/* Begin XCBuildConfiguration section */
		AF202F1729E889E800D18F2C /* Debug */ = {
			isa = XCBuildConfiguration;
			buildSettings = {
				ALWAYS_SEARCH_USER_PATHS = NO;
				CLANG_ANALYZER_NONNULL = YES;
				CLANG_ANALYZER_NUMBER_OBJECT_CONVERSION = YES_AGGRESSIVE;
				CLANG_CXX_LANGUAGE_STANDARD = "gnu++20";
				CLANG_ENABLE_MODULES = YES;
				CLANG_ENABLE_OBJC_ARC = YES;
				CLANG_ENABLE_OBJC_WEAK = YES;
				CLANG_WARN_BLOCK_CAPTURE_AUTORELEASING = YES;
				CLANG_WARN_BOOL_CONVERSION = YES;
				CLANG_WARN_COMMA = YES;
				CLANG_WARN_CONSTANT_CONVERSION = YES;
				CLANG_WARN_DEPRECATED_OBJC_IMPLEMENTATIONS = YES;
				CLANG_WARN_DIRECT_OBJC_ISA_USAGE = YES_ERROR;
				CLANG_WARN_DOCUMENTATION_COMMENTS = YES;
				CLANG_WARN_EMPTY_BODY = YES;
				CLANG_WARN_ENUM_CONVERSION = YES;
				CLANG_WARN_INFINITE_RECURSION = YES;
				CLANG_WARN_INT_CONVERSION = YES;
				CLANG_WARN_NON_LITERAL_NULL_CONVERSION = YES;
				CLANG_WARN_OBJC_IMPLICIT_RETAIN_SELF = YES;
				CLANG_WARN_OBJC_LITERAL_CONVERSION = YES;
				CLANG_WARN_OBJC_ROOT_CLASS = YES_ERROR;
				CLANG_WARN_QUOTED_INCLUDE_IN_FRAMEWORK_HEADER = YES;
				CLANG_WARN_RANGE_LOOP_ANALYSIS = YES;
				CLANG_WARN_STRICT_PROTOTYPES = YES;
				CLANG_WARN_SUSPICIOUS_MOVE = YES;
				CLANG_WARN_UNGUARDED_AVAILABILITY = YES_AGGRESSIVE;
				CLANG_WARN_UNREACHABLE_CODE = YES;
				CLANG_WARN__DUPLICATE_METHOD_MATCH = YES;
				COPY_PHASE_STRIP = NO;
				DEBUG_INFORMATION_FORMAT = dwarf;
				ENABLE_STRICT_OBJC_MSGSEND = YES;
				ENABLE_TESTABILITY = YES;
				GCC_C_LANGUAGE_STANDARD = gnu11;
				GCC_DYNAMIC_NO_PIC = NO;
				GCC_NO_COMMON_BLOCKS = YES;
				GCC_OPTIMIZATION_LEVEL = 0;
				GCC_PREPROCESSOR_DEFINITIONS = (
					"DEBUG=1",
					"$(inherited)",
				);
				GCC_WARN_64_TO_32_BIT_CONVERSION = YES;
				GCC_WARN_ABOUT_RETURN_TYPE = YES_ERROR;
				GCC_WARN_UNDECLARED_SELECTOR = YES;
				GCC_WARN_UNINITIALIZED_AUTOS = YES_AGGRESSIVE;
				GCC_WARN_UNUSED_FUNCTION = YES;
				GCC_WARN_UNUSED_VARIABLE = YES;
				IPHONEOS_DEPLOYMENT_TARGET = 16.4;
				MTL_ENABLE_DEBUG_INFO = INCLUDE_SOURCE;
				MTL_FAST_MATH = YES;
				ONLY_ACTIVE_ARCH = YES;
				SDKROOT = iphoneos;
				SWIFT_ACTIVE_COMPILATION_CONDITIONS = DEBUG;
				SWIFT_OPTIMIZATION_LEVEL = "-Onone";
			};
			name = Debug;
		};
		AF202F1829E889E800D18F2C /* Release */ = {
			isa = XCBuildConfiguration;
			buildSettings = {
				ALWAYS_SEARCH_USER_PATHS = NO;
				CLANG_ANALYZER_NONNULL = YES;
				CLANG_ANALYZER_NUMBER_OBJECT_CONVERSION = YES_AGGRESSIVE;
				CLANG_CXX_LANGUAGE_STANDARD = "gnu++20";
				CLANG_ENABLE_MODULES = YES;
				CLANG_ENABLE_OBJC_ARC = YES;
				CLANG_ENABLE_OBJC_WEAK = YES;
				CLANG_WARN_BLOCK_CAPTURE_AUTORELEASING = YES;
				CLANG_WARN_BOOL_CONVERSION = YES;
				CLANG_WARN_COMMA = YES;
				CLANG_WARN_CONSTANT_CONVERSION = YES;
				CLANG_WARN_DEPRECATED_OBJC_IMPLEMENTATIONS = YES;
				CLANG_WARN_DIRECT_OBJC_ISA_USAGE = YES_ERROR;
				CLANG_WARN_DOCUMENTATION_COMMENTS = YES;
				CLANG_WARN_EMPTY_BODY = YES;
				CLANG_WARN_ENUM_CONVERSION = YES;
				CLANG_WARN_INFINITE_RECURSION = YES;
				CLANG_WARN_INT_CONVERSION = YES;
				CLANG_WARN_NON_LITERAL_NULL_CONVERSION = YES;
				CLANG_WARN_OBJC_IMPLICIT_RETAIN_SELF = YES;
				CLANG_WARN_OBJC_LITERAL_CONVERSION = YES;
				CLANG_WARN_OBJC_ROOT_CLASS = YES_ERROR;
				CLANG_WARN_QUOTED_INCLUDE_IN_FRAMEWORK_HEADER = YES;
				CLANG_WARN_RANGE_LOOP_ANALYSIS = YES;
				CLANG_WARN_STRICT_PROTOTYPES = YES;
				CLANG_WARN_SUSPICIOUS_MOVE = YES;
				CLANG_WARN_UNGUARDED_AVAILABILITY = YES_AGGRESSIVE;
				CLANG_WARN_UNREACHABLE_CODE = YES;
				CLANG_WARN__DUPLICATE_METHOD_MATCH = YES;
				COPY_PHASE_STRIP = NO;
				DEBUG_INFORMATION_FORMAT = "dwarf-with-dsym";
				ENABLE_NS_ASSERTIONS = NO;
				ENABLE_STRICT_OBJC_MSGSEND = YES;
				GCC_C_LANGUAGE_STANDARD = gnu11;
				GCC_NO_COMMON_BLOCKS = YES;
				GCC_WARN_64_TO_32_BIT_CONVERSION = YES;
				GCC_WARN_ABOUT_RETURN_TYPE = YES_ERROR;
				GCC_WARN_UNDECLARED_SELECTOR = YES;
				GCC_WARN_UNINITIALIZED_AUTOS = YES_AGGRESSIVE;
				GCC_WARN_UNUSED_FUNCTION = YES;
				GCC_WARN_UNUSED_VARIABLE = YES;
				IPHONEOS_DEPLOYMENT_TARGET = 16.4;
				MTL_ENABLE_DEBUG_INFO = NO;
				MTL_FAST_MATH = YES;
				SDKROOT = iphoneos;
				SWIFT_COMPILATION_MODE = wholemodule;
				SWIFT_OPTIMIZATION_LEVEL = "-O";
				VALIDATE_PRODUCT = YES;
			};
			name = Release;
		};
		AF202F1A29E889E800D18F2C /* Debug */ = {
			isa = XCBuildConfiguration;
			buildSettings = {
				ASSETCATALOG_COMPILER_APPICON_NAME = AppIcon;
				ASSETCATALOG_COMPILER_GLOBAL_ACCENT_COLOR_NAME = AccentColor;
				CODE_SIGN_STYLE = Automatic;
				CURRENT_PROJECT_VERSION = 1;
				DEVELOPMENT_TEAM = 7LABUL5Q4J;
				GENERATE_INFOPLIST_FILE = YES;
				INFOPLIST_FILE = BlogSmart/Info.plist;
				INFOPLIST_KEY_NSPhotoLibraryUsageDescription = "Hi there! Looks like you want to upload a picture. In order to do that, you will need to grant access to this app to use photos from your photo library. Please grant access below.";
				INFOPLIST_KEY_UIApplicationSupportsIndirectInputEvents = YES;
				INFOPLIST_KEY_UILaunchStoryboardName = LaunchScreen;
				INFOPLIST_KEY_UIMainStoryboardFile = Main;
				INFOPLIST_KEY_UISupportedInterfaceOrientations_iPad = "UIInterfaceOrientationPortrait UIInterfaceOrientationPortraitUpsideDown UIInterfaceOrientationLandscapeLeft UIInterfaceOrientationLandscapeRight";
				INFOPLIST_KEY_UISupportedInterfaceOrientations_iPhone = "UIInterfaceOrientationPortrait UIInterfaceOrientationLandscapeLeft UIInterfaceOrientationLandscapeRight";
				IPHONEOS_DEPLOYMENT_TARGET = 14.2;
				LD_RUNPATH_SEARCH_PATHS = (
					"$(inherited)",
					"@executable_path/Frameworks",
				);
				MARKETING_VERSION = 1.0;
				PRODUCT_BUNDLE_IDENTIFIER = BlogSmart;
				PRODUCT_NAME = "$(TARGET_NAME)";
				SWIFT_EMIT_LOC_STRINGS = YES;
				SWIFT_VERSION = 5.0;
				TARGETED_DEVICE_FAMILY = "1,2";
			};
			name = Debug;
		};
		AF202F1B29E889E800D18F2C /* Release */ = {
			isa = XCBuildConfiguration;
			buildSettings = {
				ASSETCATALOG_COMPILER_APPICON_NAME = AppIcon;
				ASSETCATALOG_COMPILER_GLOBAL_ACCENT_COLOR_NAME = AccentColor;
				CODE_SIGN_STYLE = Automatic;
				CURRENT_PROJECT_VERSION = 1;
				DEVELOPMENT_TEAM = 7LABUL5Q4J;
				GENERATE_INFOPLIST_FILE = YES;
				INFOPLIST_FILE = BlogSmart/Info.plist;
				INFOPLIST_KEY_NSPhotoLibraryUsageDescription = "Hi there! Looks like you want to upload a picture. In order to do that, you will need to grant access to this app to use photos from your photo library. Please grant access below.";
				INFOPLIST_KEY_UIApplicationSupportsIndirectInputEvents = YES;
				INFOPLIST_KEY_UILaunchStoryboardName = LaunchScreen;
				INFOPLIST_KEY_UIMainStoryboardFile = Main;
				INFOPLIST_KEY_UISupportedInterfaceOrientations_iPad = "UIInterfaceOrientationPortrait UIInterfaceOrientationPortraitUpsideDown UIInterfaceOrientationLandscapeLeft UIInterfaceOrientationLandscapeRight";
				INFOPLIST_KEY_UISupportedInterfaceOrientations_iPhone = "UIInterfaceOrientationPortrait UIInterfaceOrientationLandscapeLeft UIInterfaceOrientationLandscapeRight";
				IPHONEOS_DEPLOYMENT_TARGET = 14.2;
				LD_RUNPATH_SEARCH_PATHS = (
					"$(inherited)",
					"@executable_path/Frameworks",
				);
				MARKETING_VERSION = 1.0;
				PRODUCT_BUNDLE_IDENTIFIER = BlogSmart;
				PRODUCT_NAME = "$(TARGET_NAME)";
				SWIFT_EMIT_LOC_STRINGS = YES;
				SWIFT_VERSION = 5.0;
				TARGETED_DEVICE_FAMILY = "1,2";
			};
			name = Release;
		};
/* End XCBuildConfiguration section */

/* Begin XCConfigurationList section */
		AF202F0029E889E600D18F2C /* Build configuration list for PBXProject "BlogSmart" */ = {
			isa = XCConfigurationList;
			buildConfigurations = (
				AF202F1729E889E800D18F2C /* Debug */,
				AF202F1829E889E800D18F2C /* Release */,
			);
			defaultConfigurationIsVisible = 0;
			defaultConfigurationName = Release;
		};
		AF202F1929E889E800D18F2C /* Build configuration list for PBXNativeTarget "BlogSmart" */ = {
			isa = XCConfigurationList;
			buildConfigurations = (
				AF202F1A29E889E800D18F2C /* Debug */,
				AF202F1B29E889E800D18F2C /* Release */,
			);
			defaultConfigurationIsVisible = 0;
			defaultConfigurationName = Release;
		};
/* End XCConfigurationList section */

/* Begin XCRemoteSwiftPackageReference section */
		AF202F1C29E88A1700D18F2C /* XCRemoteSwiftPackageReference "Alamofire" */ = {
			isa = XCRemoteSwiftPackageReference;
			repositoryURL = "https://github.com/Alamofire/Alamofire";
			requirement = {
				kind = upToNextMajorVersion;
				minimumVersion = 5.0.0;
			};
		};
		AF202F1F29E88A2E00D18F2C /* XCRemoteSwiftPackageReference "Parse-Swift" */ = {
			isa = XCRemoteSwiftPackageReference;
			repositoryURL = "https://github.com/parse-community/Parse-Swift";
			requirement = {
				kind = upToNextMajorVersion;
				minimumVersion = 4.0.0;
			};
		};
		AF202F2229E88A4A00D18F2C /* XCRemoteSwiftPackageReference "AlamofireImage" */ = {
			isa = XCRemoteSwiftPackageReference;
			repositoryURL = "https://github.com/Alamofire/AlamofireImage";
			requirement = {
				kind = upToNextMajorVersion;
				minimumVersion = 4.0.0;
			};
		};
/* End XCRemoteSwiftPackageReference section */

/* Begin XCSwiftPackageProductDependency section */
		AF202F1D29E88A1700D18F2C /* Alamofire */ = {
			isa = XCSwiftPackageProductDependency;
			package = AF202F1C29E88A1700D18F2C /* XCRemoteSwiftPackageReference "Alamofire" */;
			productName = Alamofire;
		};
		AF202F2029E88A2E00D18F2C /* ParseSwift */ = {
			isa = XCSwiftPackageProductDependency;
			package = AF202F1F29E88A2E00D18F2C /* XCRemoteSwiftPackageReference "Parse-Swift" */;
			productName = ParseSwift;
		};
		AF202F2329E88A4A00D18F2C /* AlamofireImage */ = {
			isa = XCSwiftPackageProductDependency;
			package = AF202F2229E88A4A00D18F2C /* XCRemoteSwiftPackageReference "AlamofireImage" */;
			productName = AlamofireImage;
		};
/* End XCSwiftPackageProductDependency section */
	};
	rootObject = AF202EFD29E889E600D18F2C /* Project object */;
}
